PODS:
  - TensorFlowLiteC (0.0.1-nightly.20211130):
    - TensorFlowLiteC/Core (= 0.0.1-nightly.20211130)
  - TensorFlowLiteC/Core (0.0.1-nightly.20211130)
  - TensorFlowLiteC/Metal (0.0.1-nightly.20211130):
    - TensorFlowLiteC/Core
  - TensorFlowLiteSwift/Core (0.0.1-nightly.20211130):
    - TensorFlowLiteC (= 0.0.1-nightly.20211130)
  - TensorFlowLiteSwift/Metal (0.0.1-nightly.20211130):
    - TensorFlowLiteC/Metal (= 0.0.1-nightly.20211130)
    - TensorFlowLiteSwift/Core (= 0.0.1-nightly.20211130)

DEPENDENCIES:
  - TensorFlowLiteSwift/Metal (~> 0.0.1-nightly)

SPEC REPOS:
  https://github.com/CocoaPods/Specs.git:
    - TensorFlowLiteC
    - TensorFlowLiteSwift

SPEC CHECKSUMS:
  TensorFlowLiteC: d2f665f01be0267f848a9b09c8ec27d48124b00b
  TensorFlowLiteSwift: fab820bb7186e15c375d43ef0c6c92337bdfc7a2

PODFILE CHECKSUM: 88c7de5286632dcffeeaf644cbbb35b17b838d0d

COCOAPODS: 1.16.2
