// !$*UTF8*$!
{
	archiveVersion = 1;
	classes = {
	};
	objectVersion = 77;
	objects = {

/* Begin PBXContainerItemProxy section */
		575A324F2DAC9AE80080370A /* PBXContainerItemProxy */ = {
			isa = PBXContainerItemProxy;
			containerPortal = 575A32342DAC9AE50080370A /* Project object */;
			proxyType = 1;
			remoteGlobalIDString = 575A323B2DAC9AE50080370A;
			remoteInfo = Trashalyze;
		};
		575A32592DAC9AE80080370A /* PBXContainerItemProxy */ = {
			isa = PBXContainerItemProxy;
			containerPortal = 575A32342DAC9AE50080370A /* Project object */;
			proxyType = 1;
			remoteGlobalIDString = 575A323B2DAC9AE50080370A;
			remoteInfo = Trashalyze;
		};
/* End PBXContainerItemProxy section */

/* Begin PBXFileReference section */
		575A323C2DAC9AE50080370A /* Trashalyze.app */ = {isa = PBXFileReference; explicitFileType = wrapper.application; includeInIndex = 0; path = Trashalyze.app; sourceTree = BUILT_PRODUCTS_DIR; };
		575A324E2DAC9AE80080370A /* TrashalyzeTests.xctest */ = {isa = PBXFileReference; explicitFileType = wrapper.cfbundle; includeInIndex = 0; path = TrashalyzeTests.xctest; sourceTree = BUILT_PRODUCTS_DIR; };
		575A32582DAC9AE80080370A /* TrashalyzeUITests.xctest */ = {isa = PBXFileReference; explicitFileType = wrapper.cfbundle; includeInIndex = 0; path = TrashalyzeUITests.xctest; sourceTree = BUILT_PRODUCTS_DIR; };
/* End PBXFileReference section */

/* Begin PBXFileSystemSynchronizedBuildFileExceptionSet section */
		5776C4612DAD289000D6964E /* Exceptions for "Trashalyze" folder in "Trashalyze" target */ = {
			isa = PBXFileSystemSynchronizedBuildFileExceptionSet;
			membershipExceptions = (
				Info.plist,
			);
			target = 575A323B2DAC9AE50080370A /* Trashalyze */;
		};
/* End PBXFileSystemSynchronizedBuildFileExceptionSet section */

/* Begin PBXFileSystemSynchronizedRootGroup section */
		575A323E2DAC9AE50080370A /* Trashalyze */ = {
			isa = PBXFileSystemSynchronizedRootGroup;
			exceptions = (
				5776C4612DAD289000D6964E /* Exceptions for "Trashalyze" folder in "Trashalyze" target */,
			);
			path = Trashalyze;
			sourceTree = "<group>";
		};
		575A32512DAC9AE80080370A /* TrashalyzeTests */ = {
			isa = PBXFileSystemSynchronizedRootGroup;
			path = TrashalyzeTests;
			sourceTree = "<group>";
		};
		575A325B2DAC9AE80080370A /* TrashalyzeUITests */ = {
			isa = PBXFileSystemSynchronizedRootGroup;
			path = TrashalyzeUITests;
			sourceTree = "<group>";
		};
/* End PBXFileSystemSynchronizedRootGroup section */

/* Begin PBXFrameworksBuildPhase section */
		575A32392DAC9AE50080370A /* Frameworks */ = {
			isa = PBXFrameworksBuildPhase;
			buildActionMask = 2147483647;
			files = (
			);
			runOnlyForDeploymentPostprocessing = 0;
		};
		575A324B2DAC9AE80080370A /* Frameworks */ = {
			isa = PBXFrameworksBuildPhase;
			buildActionMask = 2147483647;
			files = (
			);
			runOnlyForDeploymentPostprocessing = 0;
		};
		575A32552DAC9AE80080370A /* Frameworks */ = {
			isa = PBXFrameworksBuildPhase;
			buildActionMask = 2147483647;
			files = (
			);
			runOnlyForDeploymentPostprocessing = 0;
		};
/* End PBXFrameworksBuildPhase section */

/* Begin PBXGroup section */
		575A32332DAC9AE50080370A = {
			isa = PBXGroup;
			children = (
				575A323E2DAC9AE50080370A /* Trashalyze */,
				575A32512DAC9AE80080370A /* TrashalyzeTests */,
				575A325B2DAC9AE80080370A /* TrashalyzeUITests */,
				575A323D2DAC9AE50080370A /* Products */,
			);
			sourceTree = "<group>";
		};
		575A323D2DAC9AE50080370A /* Products */ = {
			isa = PBXGroup;
			children = (
				575A323C2DAC9AE50080370A /* Trashalyze.app */,
				575A324E2DAC9AE80080370A /* TrashalyzeTests.xctest */,
				575A32582DAC9AE80080370A /* TrashalyzeUITests.xctest */,
			);
			name = Products;
			sourceTree = "<group>";
		};
/* End PBXGroup section */

/* Begin PBXNativeTarget section */
		575A323B2DAC9AE50080370A /* Trashalyze */ = {
			isa = PBXNativeTarget;
			buildConfigurationList = 575A32622DAC9AE80080370A /* Build configuration list for PBXNativeTarget "Trashalyze" */;
			buildPhases = (
				575A32382DAC9AE50080370A /* Sources */,
				575A32392DAC9AE50080370A /* Frameworks */,
				575A323A2DAC9AE50080370A /* Resources */,
			);
			buildRules = (
			);
			dependencies = (
			);
			fileSystemSynchronizedGroups = (
				575A323E2DAC9AE50080370A /* Trashalyze */,
			);
			name = Trashalyze;
			packageProductDependencies = (
			);
			productName = Trashalyze;
			productReference = 575A323C2DAC9AE50080370A /* Trashalyze.app */;
			productType = "com.apple.product-type.application";
		};
		575A324D2DAC9AE80080370A /* TrashalyzeTests */ = {
			isa = PBXNativeTarget;
			buildConfigurationList = 575A32652DAC9AE80080370A /* Build configuration list for PBXNativeTarget "TrashalyzeTests" */;
			buildPhases = (
				575A324A2DAC9AE80080370A /* Sources */,
				575A324B2DAC9AE80080370A /* Frameworks */,
				575A324C2DAC9AE80080370A /* Resources */,
			);
			buildRules = (
			);
			dependencies = (
				575A32502DAC9AE80080370A /* PBXTargetDependency */,
			);
			fileSystemSynchronizedGroups = (
				575A32512DAC9AE80080370A /* TrashalyzeTests */,
			);
			name = TrashalyzeTests;
			packageProductDependencies = (
			);
			productName = TrashalyzeTests;
			productReference = 575A324E2DAC9AE80080370A /* TrashalyzeTests.xctest */;
			productType = "com.apple.product-type.bundle.unit-test";
		};
		575A32572DAC9AE80080370A /* TrashalyzeUITests */ = {
			isa = PBXNativeTarget;
			buildConfigurationList = 575A32682DAC9AE80080370A /* Build configuration list for PBXNativeTarget "TrashalyzeUITests" */;
			buildPhases = (
				575A32542DAC9AE80080370A /* Sources */,
				575A32552DAC9AE80080370A /* Frameworks */,
				575A32562DAC9AE80080370A /* Resources */,
			);
			buildRules = (
			);
			dependencies = (
				575A325A2DAC9AE80080370A /* PBXTargetDependency */,
			);
			fileSystemSynchronizedGroups = (
				575A325B2DAC9AE80080370A /* TrashalyzeUITests */,
			);
			name = TrashalyzeUITests;
			packageProductDependencies = (
			);
			productName = TrashalyzeUITests;
			productReference = 575A32582DAC9AE80080370A /* TrashalyzeUITests.xctest */;
			productType = "com.apple.product-type.bundle.ui-testing";
		};
/* End PBXNativeTarget section */

/* Begin PBXProject section */
		575A32342DAC9AE50080370A /* Project object */ = {
			isa = PBXProject;
			attributes = {
				BuildIndependentTargetsInParallel = 1;
				LastSwiftUpdateCheck = 1620;
				LastUpgradeCheck = 1620;
				TargetAttributes = {
					575A323B2DAC9AE50080370A = {
						CreatedOnToolsVersion = 16.2;
					};
					575A324D2DAC9AE80080370A = {
						CreatedOnToolsVersion = 16.2;
						TestTargetID = 575A323B2DAC9AE50080370A;
					};
					575A32572DAC9AE80080370A = {
						CreatedOnToolsVersion = 16.2;
						TestTargetID = 575A323B2DAC9AE50080370A;
					};
				};
			};
			buildConfigurationList = 575A32372DAC9AE50080370A /* Build configuration list for PBXProject "Trashalyze" */;
			developmentRegion = en;
			hasScannedForEncodings = 0;
			knownRegions = (
				en,
				Base,
			);
			mainGroup = 575A32332DAC9AE50080370A;
			minimizedProjectReferenceProxies = 1;
			preferredProjectObjectVersion = 77;
			productRefGroup = 575A323D2DAC9AE50080370A /* Products */;
			projectDirPath = "";
			projectRoot = "";
			targets = (
				575A323B2DAC9AE50080370A /* Trashalyze */,
				575A324D2DAC9AE80080370A /* TrashalyzeTests */,
				575A32572DAC9AE80080370A /* TrashalyzeUITests */,
			);
		};
/* End PBXProject section */

/* Begin PBXResourcesBuildPhase section */
		575A323A2DAC9AE50080370A /* Resources */ = {
			isa = PBXResourcesBuildPhase;
			buildActionMask = 2147483647;
			files = (
			);
			runOnlyForDeploymentPostprocessing = 0;
		};
		575A324C2DAC9AE80080370A /* Resources */ = {
			isa = PBXResourcesBuildPhase;
			buildActionMask = 2147483647;
			files = (
			);
			runOnlyForDeploymentPostprocessing = 0;
		};
		575A32562DAC9AE80080370A /* Resources */ = {
			isa = PBXResourcesBuildPhase;
			buildActionMask = 2147483647;
			files = (
			);
			runOnlyForDeploymentPostprocessing = 0;
		};
/* End PBXResourcesBuildPhase section */

/* Begin PBXSourcesBuildPhase section */
		575A32382DAC9AE50080370A /* Sources */ = {
			isa = PBXSourcesBuildPhase;
			buildActionMask = 2147483647;
			files = (
			);
			runOnlyForDeploymentPostprocessing = 0;
		};
		575A324A2DAC9AE80080370A /* Sources */ = {
			isa = PBXSourcesBuildPhase;
			buildActionMask = 2147483647;
			files = (
			);
			runOnlyForDeploymentPostprocessing = 0;
		};
		575A32542DAC9AE80080370A /* Sources */ = {
			isa = PBXSourcesBuildPhase;
			buildActionMask = 2147483647;
			files = (
			);
			runOnlyForDeploymentPostprocessing = 0;
		};
/* End PBXSourcesBuildPhase section */

/* Begin PBXTargetDependency section */
		575A32502DAC9AE80080370A /* PBXTargetDependency */ = {
			isa = PBXTargetDependency;
			target = 575A323B2DAC9AE50080370A /* Trashalyze */;
			targetProxy = 575A324F2DAC9AE80080370A /* PBXContainerItemProxy */;
		};
		575A325A2DAC9AE80080370A /* PBXTargetDependency */ = {
			isa = PBXTargetDependency;
			target = 575A323B2DAC9AE50080370A /* Trashalyze */;
			targetProxy = 575A32592DAC9AE80080370A /* PBXContainerItemProxy */;
		};
/* End PBXTargetDependency section */

/* Begin XCBuildConfiguration section */
		575A32602DAC9AE80080370A /* Debug */ = {
			isa = XCBuildConfiguration;
			buildSettings = {
				ALWAYS_SEARCH_USER_PATHS = NO;
				ASSETCATALOG_COMPILER_GENERATE_SWIFT_ASSET_SYMBOL_EXTENSIONS = YES;
				CLANG_ANALYZER_NONNULL = YES;
				CLANG_ANALYZER_NUMBER_OBJECT_CONVERSION = YES_AGGRESSIVE;
				CLANG_CXX_LANGUAGE_STANDARD = "gnu++20";
				CLANG_ENABLE_MODULES = YES;
				CLANG_ENABLE_OBJC_ARC = YES;
				CLANG_ENABLE_OBJC_WEAK = YES;
				CLANG_WARN_BLOCK_CAPTURE_AUTORELEASING = YES;
				CLANG_WARN_BOOL_CONVERSION = YES;
				CLANG_WARN_COMMA = YES;
				CLANG_WARN_CONSTANT_CONVERSION = YES;
				CLANG_WARN_DEPRECATED_OBJC_IMPLEMENTATIONS = YES;
				CLANG_WARN_DIRECT_OBJC_ISA_USAGE = YES_ERROR;
				CLANG_WARN_DOCUMENTATION_COMMENTS = YES;
				CLANG_WARN_EMPTY_BODY = YES;
				CLANG_WARN_ENUM_CONVERSION = YES;
				CLANG_WARN_INFINITE_RECURSION = YES;
				CLANG_WARN_INT_CONVERSION = YES;
				CLANG_WARN_NON_LITERAL_NULL_CONVERSION = YES;
				CLANG_WARN_OBJC_IMPLICIT_RETAIN_SELF = YES;
				CLANG_WARN_OBJC_LITERAL_CONVERSION = YES;
				CLANG_WARN_OBJC_ROOT_CLASS = YES_ERROR;
				CLANG_WARN_QUOTED_INCLUDE_IN_FRAMEWORK_HEADER = YES;
				CLANG_WARN_RANGE_LOOP_ANALYSIS = YES;
				CLANG_WARN_STRICT_PROTOTYPES = YES;
				CLANG_WARN_SUSPICIOUS_MOVE = YES;
				CLANG_WARN_UNGUARDED_AVAILABILITY = YES_AGGRESSIVE;
				CLANG_WARN_UNREACHABLE_CODE = YES;
				CLANG_WARN__DUPLICATE_METHOD_MATCH = YES;
				COPY_PHASE_STRIP = NO;
				DEBUG_INFORMATION_FORMAT = dwarf;
				ENABLE_STRICT_OBJC_MSGSEND = YES;
				ENABLE_TESTABILITY = YES;
				ENABLE_USER_SCRIPT_SANDBOXING = YES;
				GCC_C_LANGUAGE_STANDARD = gnu17;
				GCC_DYNAMIC_NO_PIC = NO;
				GCC_NO_COMMON_BLOCKS = YES;
				GCC_OPTIMIZATION_LEVEL = 0;
				GCC_PREPROCESSOR_DEFINITIONS = (
					"DEBUG=1",
					"$(inherited)",
				);
				GCC_WARN_64_TO_32_BIT_CONVERSION = YES;
				GCC_WARN_ABOUT_RETURN_TYPE = YES_ERROR;
				GCC_WARN_UNDECLARED_SELECTOR = YES;
				GCC_WARN_UNINITIALIZED_AUTOS = YES_AGGRESSIVE;
				GCC_WARN_UNUSED_FUNCTION = YES;
				GCC_WARN_UNUSED_VARIABLE = YES;
				IPHONEOS_DEPLOYMENT_TARGET = 18.2;
				LOCALIZATION_PREFERS_STRING_CATALOGS = YES;
				MTL_ENABLE_DEBUG_INFO = INCLUDE_SOURCE;
				MTL_FAST_MATH = YES;
				ONLY_ACTIVE_ARCH = YES;
				SDKROOT = iphoneos;
				SWIFT_ACTIVE_COMPILATION_CONDITIONS = "DEBUG $(inherited)";
				SWIFT_OPTIMIZATION_LEVEL = "-Onone";
			};
			name = Debug;
		};
		575A32612DAC9AE80080370A /* Release */ = {
			isa = XCBuildConfiguration;
			buildSettings = {
				ALWAYS_SEARCH_USER_PATHS = NO;
				ASSETCATALOG_COMPILER_GENERATE_SWIFT_ASSET_SYMBOL_EXTENSIONS = YES;
				CLANG_ANALYZER_NONNULL = YES;
				CLANG_ANALYZER_NUMBER_OBJECT_CONVERSION = YES_AGGRESSIVE;
				CLANG_CXX_LANGUAGE_STANDARD = "gnu++20";
				CLANG_ENABLE_MODULES = YES;
				CLANG_ENABLE_OBJC_ARC = YES;
				CLANG_ENABLE_OBJC_WEAK = YES;
				CLANG_WARN_BLOCK_CAPTURE_AUTORELEASING = YES;
				CLANG_WARN_BOOL_CONVERSION = YES;
				CLANG_WARN_COMMA = YES;
				CLANG_WARN_CONSTANT_CONVERSION = YES;
				CLANG_WARN_DEPRECATED_OBJC_IMPLEMENTATIONS = YES;
				CLANG_WARN_DIRECT_OBJC_ISA_USAGE = YES_ERROR;
				CLANG_WARN_DOCUMENTATION_COMMENTS = YES;
				CLANG_WARN_EMPTY_BODY = YES;
				CLANG_WARN_ENUM_CONVERSION = YES;
				CLANG_WARN_INFINITE_RECURSION = YES;
				CLANG_WARN_INT_CONVERSION = YES;
				CLANG_WARN_NON_LITERAL_NULL_CONVERSION = YES;
				CLANG_WARN_OBJC_IMPLICIT_RETAIN_SELF = YES;
				CLANG_WARN_OBJC_LITERAL_CONVERSION = YES;
				CLANG_WARN_OBJC_ROOT_CLASS = YES_ERROR;
				CLANG_WARN_QUOTED_INCLUDE_IN_FRAMEWORK_HEADER = YES;
				CLANG_WARN_RANGE_LOOP_ANALYSIS = YES;
				CLANG_WARN_STRICT_PROTOTYPES = YES;
				CLANG_WARN_SUSPICIOUS_MOVE = YES;
				CLANG_WARN_UNGUARDED_AVAILABILITY = YES_AGGRESSIVE;
				CLANG_WARN_UNREACHABLE_CODE = YES;
				CLANG_WARN__DUPLICATE_METHOD_MATCH = YES;
				COPY_PHASE_STRIP = NO;
				DEBUG_INFORMATION_FORMAT = "dwarf-with-dsym";
				ENABLE_NS_ASSERTIONS = NO;
				ENABLE_STRICT_OBJC_MSGSEND = YES;
				ENABLE_USER_SCRIPT_SANDBOXING = YES;
				GCC_C_LANGUAGE_STANDARD = gnu17;
				GCC_NO_COMMON_BLOCKS = YES;
				GCC_WARN_64_TO_32_BIT_CONVERSION = YES;
				GCC_WARN_ABOUT_RETURN_TYPE = YES_ERROR;
				GCC_WARN_UNDECLARED_SELECTOR = YES;
				GCC_WARN_UNINITIALIZED_AUTOS = YES_AGGRESSIVE;
				GCC_WARN_UNUSED_FUNCTION = YES;
				GCC_WARN_UNUSED_VARIABLE = YES;
				IPHONEOS_DEPLOYMENT_TARGET = 18.2;
				LOCALIZATION_PREFERS_STRING_CATALOGS = YES;
				MTL_ENABLE_DEBUG_INFO = NO;
				MTL_FAST_MATH = YES;
				SDKROOT = iphoneos;
				SWIFT_COMPILATION_MODE = wholemodule;
				VALIDATE_PRODUCT = YES;
			};
			name = Release;
		};
		575A32632DAC9AE80080370A /* Debug */ = {
			isa = XCBuildConfiguration;
			buildSettings = {
				ASSETCATALOG_COMPILER_APPICON_NAME = AppIcon;
				ASSETCATALOG_COMPILER_GLOBAL_ACCENT_COLOR_NAME = AccentColor;
				CODE_SIGN_STYLE = Automatic;
				CURRENT_PROJECT_VERSION = 1;
				DEVELOPMENT_ASSET_PATHS = "\"Trashalyze/Preview Content\"";
				DEVELOPMENT_TEAM = XD2V7HKR8J;
				ENABLE_PREVIEWS = YES;
				GENERATE_INFOPLIST_FILE = YES;
				INFOPLIST_FILE = Trashalyze/Info.plist;
				INFOPLIST_KEY_NSCameraUsageDescription = YES;
				INFOPLIST_KEY_UIApplicationSceneManifest_Generation = YES;
				INFOPLIST_KEY_UIApplicationSupportsIndirectInputEvents = YES;
				INFOPLIST_KEY_UILaunchScreen_Generation = YES;
				INFOPLIST_KEY_UISupportedInterfaceOrientations_iPad = "UIInterfaceOrientationPortrait UIInterfaceOrientationPortraitUpsideDown UIInterfaceOrientationLandscapeLeft UIInterfaceOrientationLandscapeRight";
				INFOPLIST_KEY_UISupportedInterfaceOrientations_iPhone = "UIInterfaceOrientationPortrait UIInterfaceOrientationLandscapeLeft UIInterfaceOrientationLandscapeRight";
				LD_RUNPATH_SEARCH_PATHS = (
					"$(inherited)",
					"@executable_path/Frameworks",
				);
				MARKETING_VERSION = 1.0;
				PRODUCT_BUNDLE_IDENTIFIER = nate10j.Trashalyze;
				PRODUCT_NAME = "$(TARGET_NAME)";
				SWIFT_EMIT_LOC_STRINGS = YES;
				SWIFT_VERSION = 5.0;
				TARGETED_DEVICE_FAMILY = "1,2";
			};
			name = Debug;
		};
		575A32642DAC9AE80080370A /* Release */ = {
			isa = XCBuildConfiguration;
			buildSettings = {
				ASSETCATALOG_COMPILER_APPICON_NAME = AppIcon;
				ASSETCATALOG_COMPILER_GLOBAL_ACCENT_COLOR_NAME = AccentColor;
				CODE_SIGN_STYLE = Automatic;
				CURRENT_PROJECT_VERSION = 1;
				DEVELOPMENT_ASSET_PATHS = "\"Trashalyze/Preview Content\"";
				DEVELOPMENT_TEAM = XD2V7HKR8J;
				ENABLE_PREVIEWS = YES;
				GENERATE_INFOPLIST_FILE = YES;
				INFOPLIST_FILE = Trashalyze/Info.plist;
				INFOPLIST_KEY_NSCameraUsageDescription = YES;
				INFOPLIST_KEY_UIApplicationSceneManifest_Generation = YES;
				INFOPLIST_KEY_UIApplicationSupportsIndirectInputEvents = YES;
				INFOPLIST_KEY_UILaunchScreen_Generation = YES;
				INFOPLIST_KEY_UISupportedInterfaceOrientations_iPad = "UIInterfaceOrientationPortrait UIInterfaceOrientationPortraitUpsideDown UIInterfaceOrientationLandscapeLeft UIInterfaceOrientationLandscapeRight";
				INFOPLIST_KEY_UISupportedInterfaceOrientations_iPhone = "UIInterfaceOrientationPortrait UIInterfaceOrientationLandscapeLeft UIInterfaceOrientationLandscapeRight";
				LD_RUNPATH_SEARCH_PATHS = (
					"$(inherited)",
					"@executable_path/Frameworks",
				);
				MARKETING_VERSION = 1.0;
				PRODUCT_BUNDLE_IDENTIFIER = nate10j.Trashalyze;
				PRODUCT_NAME = "$(TARGET_NAME)";
				SWIFT_EMIT_LOC_STRINGS = YES;
				SWIFT_VERSION = 5.0;
				TARGETED_DEVICE_FAMILY = "1,2";
			};
			name = Release;
		};
		575A32662DAC9AE80080370A /* Debug */ = {
			isa = XCBuildConfiguration;
			buildSettings = {
				BUNDLE_LOADER = "$(TEST_HOST)";
				CODE_SIGN_STYLE = Automatic;
				CURRENT_PROJECT_VERSION = 1;
				GENERATE_INFOPLIST_FILE = YES;
				IPHONEOS_DEPLOYMENT_TARGET = 18.2;
				MARKETING_VERSION = 1.0;
				PRODUCT_BUNDLE_IDENTIFIER = nate10j.TrashalyzeTests;
				PRODUCT_NAME = "$(TARGET_NAME)";
				SWIFT_EMIT_LOC_STRINGS = NO;
				SWIFT_VERSION = 5.0;
				TARGETED_DEVICE_FAMILY = "1,2";
				TEST_HOST = "$(BUILT_PRODUCTS_DIR)/Trashalyze.app/$(BUNDLE_EXECUTABLE_FOLDER_PATH)/Trashalyze";
			};
			name = Debug;
		};
		575A32672DAC9AE80080370A /* Release */ = {
			isa = XCBuildConfiguration;
			buildSettings = {
				BUNDLE_LOADER = "$(TEST_HOST)";
				CODE_SIGN_STYLE = Automatic;
				CURRENT_PROJECT_VERSION = 1;
				GENERATE_INFOPLIST_FILE = YES;
				IPHONEOS_DEPLOYMENT_TARGET = 18.2;
				MARKETING_VERSION = 1.0;
				PRODUCT_BUNDLE_IDENTIFIER = nate10j.TrashalyzeTests;
				PRODUCT_NAME = "$(TARGET_NAME)";
				SWIFT_EMIT_LOC_STRINGS = NO;
				SWIFT_VERSION = 5.0;
				TARGETED_DEVICE_FAMILY = "1,2";
				TEST_HOST = "$(BUILT_PRODUCTS_DIR)/Trashalyze.app/$(BUNDLE_EXECUTABLE_FOLDER_PATH)/Trashalyze";
			};
			name = Release;
		};
		575A32692DAC9AE80080370A /* Debug */ = {
			isa = XCBuildConfiguration;
			buildSettings = {
				CODE_SIGN_STYLE = Automatic;
				CURRENT_PROJECT_VERSION = 1;
				GENERATE_INFOPLIST_FILE = YES;
				MARKETING_VERSION = 1.0;
				PRODUCT_BUNDLE_IDENTIFIER = nate10j.TrashalyzeUITests;
				PRODUCT_NAME = "$(TARGET_NAME)";
				SWIFT_EMIT_LOC_STRINGS = NO;
				SWIFT_VERSION = 5.0;
				TARGETED_DEVICE_FAMILY = "1,2";
				TEST_TARGET_NAME = Trashalyze;
			};
			name = Debug;
		};
		575A326A2DAC9AE80080370A /* Release */ = {
			isa = XCBuildConfiguration;
			buildSettings = {
				CODE_SIGN_STYLE = Automatic;
				CURRENT_PROJECT_VERSION = 1;
				GENERATE_INFOPLIST_FILE = YES;
				MARKETING_VERSION = 1.0;
				PRODUCT_BUNDLE_IDENTIFIER = nate10j.TrashalyzeUITests;
				PRODUCT_NAME = "$(TARGET_NAME)";
				SWIFT_EMIT_LOC_STRINGS = NO;
				SWIFT_VERSION = 5.0;
				TARGETED_DEVICE_FAMILY = "1,2";
				TEST_TARGET_NAME = Trashalyze;
			};
			name = Release;
		};
/* End XCBuildConfiguration section */

/* Begin XCConfigurationList section */
		575A32372DAC9AE50080370A /* Build configuration list for PBXProject "Trashalyze" */ = {
			isa = XCConfigurationList;
			buildConfigurations = (
				575A32602DAC9AE80080370A /* Debug */,
				575A32612DAC9AE80080370A /* Release */,
			);
			defaultConfigurationIsVisible = 0;
			defaultConfigurationName = Release;
		};
		575A32622DAC9AE80080370A /* Build configuration list for PBXNativeTarget "Trashalyze" */ = {
			isa = XCConfigurationList;
			buildConfigurations = (
				575A32632DAC9AE80080370A /* Debug */,
				575A32642DAC9AE80080370A /* Release */,
			);
			defaultConfigurationIsVisible = 0;
			defaultConfigurationName = Release;
		};
		575A32652DAC9AE80080370A /* Build configuration list for PBXNativeTarget "TrashalyzeTests" */ = {
			isa = XCConfigurationList;
			buildConfigurations = (
				575A32662DAC9AE80080370A /* Debug */,
				575A32672DAC9AE80080370A /* Release */,
			);
			defaultConfigurationIsVisible = 0;
			defaultConfigurationName = Release;
		};
		575A32682DAC9AE80080370A /* Build configuration list for PBXNativeTarget "TrashalyzeUITests" */ = {
			isa = XCConfigurationList;
			buildConfigurations = (
				575A32692DAC9AE80080370A /* Debug */,
				575A326A2DAC9AE80080370A /* Release */,
			);
			defaultConfigurationIsVisible = 0;
			defaultConfigurationName = Release;
		};
/* End XCConfigurationList section */
	};
	rootObject = 575A32342DAC9AE50080370A /* Project object */;
}
